# This file is generated by running "yarn install" inside your project.
# Manual changes might be lost - proceed with caution!

__metadata:
  version: 4
  cacheKey: 8

"graceful-fs@npm:^4.2.0":
  version: 4.2.10
  resolution: "graceful-fs@npm:4.2.10::__archiveUrl=https%3A%2F%2Fregistry.npmjs.org%2Fgraceful-fs%2F-%2Fgraceful-fs-4.2.10.tgz"
  checksum: 3f109d70ae123951905d85032ebeae3c2a5a7a997430df00ea30df0e3a6c60cf6689b109654d6fdacd28810a053348c4d14642da1d075049e6be1ba5216218da
  languageName: node
  linkType: hard

"supported-project-yarn3@workspace:.":
  version: 0.0.0-use.local
  resolution: "supported-project-yarn3@workspace:."
  dependencies:
    graceful-fs: ^4.2.0
  languageName: unknown
  linkType: soft
